
Microsoft Visual Studio Solution File, Format Version 12.00
# Visual Studio Version 17
VisualStudioVersion = 17.13.35825.156
MinimumVisualStudioVersion = 10.0.40219.1
Project("{FAE04EC0-301F-11D3-BF4B-00C04F79EFBC}") = "WebApplication1", "WebApplication1\WebApplication1.csproj", "{76C2C116-33BA-45BA-8FE6-70D76256CA5F}"
EndProject
Project("{FAE04EC0-301F-11D3-BF4B-00C04F79EFBC}") = "WebApplication1Data", "WebApplication1Data\WebApplication1Data.csproj", "{B5C15378-AB93-8BC7-B124-C13D66A3C214}"
EndProject
Global
	GlobalSection(SolutionConfigurationPlatforms) = preSolution
		Debug|Any CPU = Debug|Any CPU
		Release|Any CPU = Release|Any CPU
	EndGlobalSection
	GlobalSection(ProjectConfigurationPlatforms) = postSolution
		{76C2C116-33BA-45BA-8FE6-70D76256CA5F}.Debug|Any CPU.ActiveCfg = Debug|Any CPU
		{76C2C116-33BA-45BA-8FE6-70D76256CA5F}.Debug|Any CPU.Build.0 = Debug|Any CPU
		{76C2C116-33BA-45BA-8FE6-70D76256CA5F}.Release|Any CPU.ActiveCfg = Release|Any CPU
		{76C2C116-33BA-45BA-8FE6-70D76256CA5F}.Release|Any CPU.Build.0 = Release|Any CPU
		{B5C15378-AB93-8BC7-B124-C13D66A3C214}.Debug|Any CPU.ActiveCfg = Debug|Any CPU
		{B5C15378-AB93-8BC7-B124-C13D66A3C214}.Debug|Any CPU.Build.0 = Debug|Any CPU
		{B5C15378-AB93-8BC7-B124-C13D66A3C214}.Release|Any CPU.ActiveCfg = Release|Any CPU
		{B5C15378-AB93-8BC7-B124-C13D66A3C214}.Release|Any CPU.Build.0 = Release|Any CPU
	EndGlobalSection
	GlobalSection(SolutionProperties) = preSolution
		HideSolutionNode = FALSE
	EndGlobalSection
	GlobalSection(ExtensibilityGlobals) = postSolution
		SolutionGuid = {4005A556-41F0-46C3-BC3B-03D22A56E519}
	EndGlobalSection
EndGlobal
